<?xml version="1.0" encoding="utf-8"?>
<Project ToolsVersion="4.0" xmlns="http://schemas.microsoft.com/developer/msbuild/2003">
  <ItemGroup>
    <ClCompile Include="..\Source\GameObject.cpp">
      <Filter>Source</Filter>
    </ClCompile>
    <ClCompile Include="..\Source\GameStateManager.cpp">
      <Filter>Source</Filter>
    </ClCompile>
    <ClCompile Include="..\Source\Map\Map.cpp">
      <Filter>Source</Filter>
    </ClCompile>
    <ClCompile Include="..\Source\Pathfinding\pathfinder.cpp">
      <Filter>Source</Filter>
    </ClCompile>
    <ClCompile Include="..\Source\Rendering.cpp">
      <Filter>Source</Filter>
    </ClCompile>
    <ClCompile Include="..\Source\UI_TextArea.cpp">
      <Filter>Source</Filter>
    </ClCompile>
    <ClCompile Include="..\Source\UI_Manager.cpp">
      <Filter>Source</Filter>
    </ClCompile>
    <ClCompile Include="..\Source\UI_Button.cpp">
      <Filter>Source</Filter>
    </ClCompile>
    <ClCompile Include="..\Source\Alwintest.cpp">
      <Filter>Source</Filter>
    </ClCompile>
    <ClCompile Include="..\Source\Main.cpp">
      <Filter>Source</Filter>
    </ClCompile>
    <ClCompile Include="..\Source\UI_TextLineInfo.cpp">
      <Filter>Source</Filter>
    </ClCompile>
    <ClCompile Include="..\Source\Skills.cpp">
      <Filter>Source</Filter>
    </ClCompile>
    <ClCompile Include="..\Source\CharacterStats.cpp">
      <Filter>Source</Filter>
    </ClCompile>
    <ClCompile Include="..\Source\UI_StatElement.cpp">
      <Filter>Source</Filter>
    </ClCompile>
    <ClCompile Include="..\Source\UI_Def.cpp">
      <Filter>Source</Filter>
    </ClCompile>
    <ClCompile Include="..\Source\Splashscreen.cpp">
      <Filter>Source</Filter>
    </ClCompile>
    <ClCompile Include="..\Source\Menu.cpp">
      <Filter>Source</Filter>
    </ClCompile>
    <ClCompile Include="..\Source\Credit.cpp">
      <Filter>Source</Filter>
    </ClCompile>
    <ClCompile Include="..\Source\GameLoss.cpp">
      <Filter>Source</Filter>
    </ClCompile>
    <ClCompile Include="..\Source\Tutorial.cpp">
      <Filter>Source</Filter>
    </ClCompile>
  </ItemGroup>
  <ItemGroup>
    <ClInclude Include="..\Source\GameObject.h">
      <Filter>Header</Filter>
    </ClInclude>
    <ClInclude Include="..\Source\GameScene.hpp">
      <Filter>Header</Filter>
    </ClInclude>
    <ClInclude Include="..\Source\GameStateList.h">
      <Filter>Header</Filter>
    </ClInclude>
    <ClInclude Include="..\Source\GameStateManager.h">
      <Filter>Header</Filter>
    </ClInclude>
    <ClInclude Include="..\Source\MainMenuScene.hpp">
      <Filter>Header</Filter>
    </ClInclude>
    <ClInclude Include="..\Source\Map\Map.h">
      <Filter>Header</Filter>
    </ClInclude>
    <ClInclude Include="Mesh.hpp">
      <Filter>Header</Filter>
    </ClInclude>
    <ClInclude Include="..\Source\Pathfinding\pathfinder.h">
      <Filter>Header</Filter>
    </ClInclude>
    <ClInclude Include="..\Source\Rendering.hpp">
      <Filter>Header</Filter>
    </ClInclude>
    <ClInclude Include="..\Source\SceneBase.hpp">
      <Filter>Header</Filter>
    </ClInclude>
    <ClInclude Include="..\Source\SceneManager.hpp">
      <Filter>Header</Filter>
    </ClInclude>
    <ClInclude Include="..\Source\UI_TextArea.h">
      <Filter>Header</Filter>
    </ClInclude>
    <ClInclude Include="..\Source\UI_Manager.h">
      <Filter>Header</Filter>
    </ClInclude>
    <ClInclude Include="..\Source\UI_Button.h">
      <Filter>Header</Filter>
    </ClInclude>
    <ClInclude Include="..\Source\Alwintest.h">
      <Filter>Header</Filter>
    </ClInclude>
    <ClInclude Include="..\Source\UI_TextLineInfo.h">
      <Filter>Header</Filter>
    </ClInclude>
    <ClInclude Include="..\Source\Skills.h">
      <Filter>Header</Filter>
    </ClInclude>
    <ClInclude Include="..\Source\CharacterStats.h">
      <Filter>Header</Filter>
    </ClInclude>
    <ClInclude Include="..\Source\UI_Def.h">
      <Filter>Header</Filter>
    </ClInclude>
    <ClInclude Include="..\Source\UI_StatElement.h">
      <Filter>Header</Filter>
    </ClInclude>
    <ClInclude Include="..\Source\UI_TextAreaTable.h">
      <Filter>Header</Filter>
    </ClInclude>
    <ClInclude Include="..\Source\Splashscreen.h">
      <Filter>Header</Filter>
    </ClInclude>
    <ClInclude Include="..\Source\Menu.h">
      <Filter>Header</Filter>
    </ClInclude>
    <ClInclude Include="..\Source\Credits.h">
      <Filter>Header</Filter>
    </ClInclude>
    <ClInclude Include="..\Source\GameLoss.h">
      <Filter>Header</Filter>
    </ClInclude>
    <ClInclude Include="..\Source\UI_Panel.h">
      <Filter>Header</Filter>
    </ClInclude>
    <ClInclude Include="..\Source\Tutorial.h">
      <Filter>Header</Filter>
    </ClInclude>
  </ItemGroup>
  <ItemGroup>
    <Filter Include="Source">
      <UniqueIdentifier>{bd3086dd-6bf4-41c6-9bd9-fa7333c7d293}</UniqueIdentifier>
    </Filter>
    <Filter Include="Header">
      <UniqueIdentifier>{6f7a2f4e-45ef-410a-b28a-2c8291acadcc}</UniqueIdentifier>
    </Filter>
  </ItemGroup>
</Project>